
Microsoft Visual Studio Solution File, Format Version 12.00
# Visual Studio 15
VisualStudioVersion = 15.0.28307.421
MinimumVisualStudioVersion = 10.0.40219.1
Project("{FAE04EC0-301F-11D3-BF4B-00C04F79EFBC}") = "InventarioInformatico.Web", "InventarioInformatico.Web\InventarioInformatico.Web.csproj", "{DBE43743-8BCB-4DED-8C88-0E0E74DB6040}"
EndProject
Project("{FAE04EC0-301F-11D3-BF4B-00C04F79EFBC}") = "InventarioInformatico.WebAdmin", "InventarioInformatico.WebAdmin\InventarioInformatico.WebAdmin.csproj", "{0A852333-C369-443C-9822-C262E87F67D1}"
EndProject
Project("{FAE04EC0-301F-11D3-BF4B-00C04F79EFBC}") = "InventarioInformatico.Win", "InventarioInformatico.Win\InventarioInformatico.Win.csproj", "{9DD48C8C-B6C6-4195-8BA4-FCBD3074B88B}"
EndProject
Project("{FAE04EC0-301F-11D3-BF4B-00C04F79EFBC}") = "InventarioInformatico.BL", "InventarioInformatico.BL\InventarioInformatico.BL.csproj", "{45278335-3908-4AAC-BADE-D4CD20CFA957}"
EndProject
Global
	GlobalSection(SolutionConfigurationPlatforms) = preSolution
		Debug|Any CPU = Debug|Any CPU
		Release|Any CPU = Release|Any CPU
	EndGlobalSection
	GlobalSection(ProjectConfigurationPlatforms) = postSolution
		{DBE43743-8BCB-4DED-8C88-0E0E74DB6040}.Debug|Any CPU.ActiveCfg = Debug|Any CPU
		{DBE43743-8BCB-4DED-8C88-0E0E74DB6040}.Debug|Any CPU.Build.0 = Debug|Any CPU
		{DBE43743-8BCB-4DED-8C88-0E0E74DB6040}.Release|Any CPU.ActiveCfg = Release|Any CPU
		{DBE43743-8BCB-4DED-8C88-0E0E74DB6040}.Release|Any CPU.Build.0 = Release|Any CPU
		{0A852333-C369-443C-9822-C262E87F67D1}.Debug|Any CPU.ActiveCfg = Debug|Any CPU
		{0A852333-C369-443C-9822-C262E87F67D1}.Debug|Any CPU.Build.0 = Debug|Any CPU
		{0A852333-C369-443C-9822-C262E87F67D1}.Release|Any CPU.ActiveCfg = Release|Any CPU
		{0A852333-C369-443C-9822-C262E87F67D1}.Release|Any CPU.Build.0 = Release|Any CPU
		{9DD48C8C-B6C6-4195-8BA4-FCBD3074B88B}.Debug|Any CPU.ActiveCfg = Debug|Any CPU
		{9DD48C8C-B6C6-4195-8BA4-FCBD3074B88B}.Debug|Any CPU.Build.0 = Debug|Any CPU
		{9DD48C8C-B6C6-4195-8BA4-FCBD3074B88B}.Release|Any CPU.ActiveCfg = Release|Any CPU
		{9DD48C8C-B6C6-4195-8BA4-FCBD3074B88B}.Release|Any CPU.Build.0 = Release|Any CPU
		{45278335-3908-4AAC-BADE-D4CD20CFA957}.Debug|Any CPU.ActiveCfg = Debug|Any CPU
		{45278335-3908-4AAC-BADE-D4CD20CFA957}.Debug|Any CPU.Build.0 = Debug|Any CPU
		{45278335-3908-4AAC-BADE-D4CD20CFA957}.Release|Any CPU.ActiveCfg = Release|Any CPU
		{45278335-3908-4AAC-BADE-D4CD20CFA957}.Release|Any CPU.Build.0 = Release|Any CPU
	EndGlobalSection
	GlobalSection(SolutionProperties) = preSolution
		HideSolutionNode = FALSE
	EndGlobalSection
	GlobalSection(ExtensibilityGlobals) = postSolution
		SolutionGuid = {7C62FC64-CC42-48DA-82BB-9166AF2851D6}
	EndGlobalSection
EndGlobal
